
Microsoft Visual Studio Solution File, Format Version 12.00
# Visual Studio Version 17
VisualStudioVersion = 17.7.34221.43
MinimumVisualStudioVersion = 10.0.40219.1
Project("{FAE04EC0-301F-11D3-BF4B-00C04F79EFBC}") = "galeriaZdjec", "galeriaZdjec\galeriaZdjec.csproj", "{59E13CAD-C4CE-4D70-B2B6-98F0EF13721E}"
EndProject
Global
	GlobalSection(SolutionConfigurationPlatforms) = preSolution
		Debug|Any CPU = Debug|Any CPU
		Release|Any CPU = Release|Any CPU
	EndGlobalSection
	GlobalSection(ProjectConfigurationPlatforms) = postSolution
		{59E13CAD-C4CE-4D70-B2B6-98F0EF13721E}.Debug|Any CPU.ActiveCfg = Debug|Any CPU
		{59E13CAD-C4CE-4D70-B2B6-98F0EF13721E}.Debug|Any CPU.Build.0 = Debug|Any CPU
		{59E13CAD-C4CE-4D70-B2B6-98F0EF13721E}.Release|Any CPU.ActiveCfg = Release|Any CPU
		{59E13CAD-C4CE-4D70-B2B6-98F0EF13721E}.Release|Any CPU.Build.0 = Release|Any CPU
	EndGlobalSection
	GlobalSection(SolutionProperties) = preSolution
		HideSolutionNode = FALSE
	EndGlobalSection
	GlobalSection(ExtensibilityGlobals) = postSolution
		SolutionGuid = {EE6E8951-ABAC-44F9-8AA9-74D687AD17FB}
	EndGlobalSection
EndGlobal
